
Microsoft Visual Studio Solution File, Format Version 12.00
# Visual Studio Version 17
VisualStudioVersion = 17.0.31903.59
MinimumVisualStudioVersion = 10.0.40219.1
Project("{FAE04EC0-301F-11D3-BF4B-00C04F79EFBC}") = "DesignPatterns.SimpleFactory", "DesignPatterns.SimpleFactory\DesignPatterns.SimpleFactory.csproj", "{D22ACCCA-CE2D-4FEC-9716-6FC5651603B7}"
EndProject
Project("{FAE04EC0-301F-11D3-BF4B-00C04F79EFBC}") = "DesignPatterns.FactoryMethod", "DesignPatterns.FactoryMethod\DesignPatterns.FactoryMethod.csproj", "{7AF2C23A-97B1-4445-B7FD-2C121F02BB37}"
EndProject
Global
	GlobalSection(SolutionConfigurationPlatforms) = preSolution
		Debug|Any CPU = Debug|Any CPU
		Release|Any CPU = Release|Any CPU
	EndGlobalSection
	GlobalSection(SolutionProperties) = preSolution
		HideSolutionNode = FALSE
	EndGlobalSection
	GlobalSection(ProjectConfigurationPlatforms) = postSolution
		{D22ACCCA-CE2D-4FEC-9716-6FC5651603B7}.Debug|Any CPU.ActiveCfg = Debug|Any CPU
		{D22ACCCA-CE2D-4FEC-9716-6FC5651603B7}.Debug|Any CPU.Build.0 = Debug|Any CPU
		{D22ACCCA-CE2D-4FEC-9716-6FC5651603B7}.Release|Any CPU.ActiveCfg = Release|Any CPU
		{D22ACCCA-CE2D-4FEC-9716-6FC5651603B7}.Release|Any CPU.Build.0 = Release|Any CPU
		{7AF2C23A-97B1-4445-B7FD-2C121F02BB37}.Debug|Any CPU.ActiveCfg = Debug|Any CPU
		{7AF2C23A-97B1-4445-B7FD-2C121F02BB37}.Debug|Any CPU.Build.0 = Debug|Any CPU
		{7AF2C23A-97B1-4445-B7FD-2C121F02BB37}.Release|Any CPU.ActiveCfg = Release|Any CPU
		{7AF2C23A-97B1-4445-B7FD-2C121F02BB37}.Release|Any CPU.Build.0 = Release|Any CPU
	EndGlobalSection
EndGlobal
